// !$*UTF8*$!
{
	archiveVersion = 1;
	classes = {
	};
	objectVersion = 77;
	objects = {

/* Begin PBXBuildFile section */
		408CD2C52FAB02AC002B002B /* SearchResult.swift in Sources */ = {isa = PBXBuildFile; fileRef = 408CD2B02FAB02AC002B002B /* SearchResult.swift */; };
		408CD2C62FAB02AC002B002B /* LibraryView.swift in Sources */ = {isa = PBXBuildFile; fileRef = 408CD2B92FAB02AC002B002B /* LibraryView.swift */; };
		408CD2C72FAB02AC002B002B /* APIClient.swift in Sources */ = {isa = PBXBuildFile; fileRef = 408CD2B32FAB02AC002B002B /* APIClient.swift */; };
		408CD2C82FAB02AC002B002B /* LibraryOverview.swift in Sources */ = {isa = PBXBuildFile; fileRef = 408CD2AF2FAB02AC002B002B /* LibraryOverview.swift */; };
		408CD2C92FAB02AC002B002B /* Placeholders.swift in Sources */ = {isa = PBXBuildFile; fileRef = 408CD2C22FAB02AC002B002B /* Placeholders.swift */; };
		408CD2CA2FAB02AC002B002B /* ContentView.swift in Sources */ = {isa = PBXBuildFile; fileRef = 408CD2C12FAB02AC002B002B /* ContentView.swift */; };
		408CD2CB2FAB02AC002B002B /* LLMLibraryApp.swift in Sources */ = {isa = PBXBuildFile; fileRef = 408CD2AD2FAB02AC002B002B /* LLMLibraryApp.swift */; };
		408CD2CC2FAB02AC002B002B /* TopicCardView.swift in Sources */ = {isa = PBXBuildFile; fileRef = 408CD2BA2FAB02AC002B002B /* TopicCardView.swift */; };
		408CD2CD2FAB02AC002B002B /* SessionDetailView.swift in Sources */ = {isa = PBXBuildFile; fileRef = 408CD2BF2FAB02AC002B002B /* SessionDetailView.swift */; };
		408CD2CE2FAB02AC002B002B /* SearchViewModel.swift in Sources */ = {isa = PBXBuildFile; fileRef = 408CD2B72FAB02AC002B002B /* SearchViewModel.swift */; };
		408CD2CF2FAB02AC002B002B /* AppViewModel.swift in Sources */ = {isa = PBXBuildFile; fileRef = 408CD2B52FAB02AC002B002B /* AppViewModel.swift */; };
		408CD2D02FAB02AC002B002B /* ChatView.swift in Sources */ = {isa = PBXBuildFile; fileRef = 408CD2BC2FAB02AC002B002B /* ChatView.swift */; };
		408CD2D12FAB02AC002B002B /* Session.swift in Sources */ = {isa = PBXBuildFile; fileRef = 408CD2B12FAB02AC002B002B /* Session.swift */; };
		408CD2D22FAB02AC002B002B /* SearchView.swift in Sources */ = {isa = PBXBuildFile; fileRef = 408CD2BD2FAB02AC002B002B /* SearchView.swift */; };
		408CD2D32FAB02AC002B002B /* LibraryViewModel.swift in Sources */ = {isa = PBXBuildFile; fileRef = 408CD2B62FAB02AC002B002B /* LibraryViewModel.swift */; };
		408CD2E12FAB02AC002B002B /* TopicDetailView.swift in Sources */ = {isa = PBXBuildFile; fileRef = 408CD2E02FAB02AC002B002B /* TopicDetailView.swift */; };
		408CD2E32FAB02AC002B002B /* TopicDetailViewModel.swift in Sources */ = {isa = PBXBuildFile; fileRef = 408CD2E22FAB02AC002B002B /* TopicDetailViewModel.swift */; };
		408CD2E52FAB02AC002B002B /* ChatBarView.swift in Sources */ = {isa = PBXBuildFile; fileRef = 408CD2E42FAB02AC002B002B /* ChatBarView.swift */; };
/* End PBXBuildFile section */

/* Begin PBXFileReference section */
		408CD29F2FAB0180002B002B /* LLMLibrary.app */ = {isa = PBXFileReference; explicitFileType = wrapper.application; includeInIndex = 0; path = LLMLibrary.app; sourceTree = BUILT_PRODUCTS_DIR; };
		408CD2AD2FAB02AC002B002B /* LLMLibraryApp.swift */ = {isa = PBXFileReference; lastKnownFileType = sourcecode.swift; path = LLMLibraryApp.swift; sourceTree = "<group>"; };
		408CD2AF2FAB02AC002B002B /* LibraryOverview.swift */ = {isa = PBXFileReference; lastKnownFileType = sourcecode.swift; path = LibraryOverview.swift; sourceTree = "<group>"; };
		408CD2B02FAB02AC002B002B /* SearchResult.swift */ = {isa = PBXFileReference; lastKnownFileType = sourcecode.swift; path = SearchResult.swift; sourceTree = "<group>"; };
		408CD2B12FAB02AC002B002B /* Session.swift */ = {isa = PBXFileReference; lastKnownFileType = sourcecode.swift; path = Session.swift; sourceTree = "<group>"; };
		408CD2B32FAB02AC002B002B /* APIClient.swift */ = {isa = PBXFileReference; lastKnownFileType = sourcecode.swift; path = APIClient.swift; sourceTree = "<group>"; };
		408CD2B52FAB02AC002B002B /* AppViewModel.swift */ = {isa = PBXFileReference; lastKnownFileType = sourcecode.swift; path = AppViewModel.swift; sourceTree = "<group>"; };
		408CD2B62FAB02AC002B002B /* LibraryViewModel.swift */ = {isa = PBXFileReference; lastKnownFileType = sourcecode.swift; path = LibraryViewModel.swift; sourceTree = "<group>"; };
		408CD2B72FAB02AC002B002B /* SearchViewModel.swift */ = {isa = PBXFileReference; lastKnownFileType = sourcecode.swift; path = SearchViewModel.swift; sourceTree = "<group>"; };
		408CD2B92FAB02AC002B002B /* LibraryView.swift */ = {isa = PBXFileReference; lastKnownFileType = sourcecode.swift; path = LibraryView.swift; sourceTree = "<group>"; };
		408CD2BA2FAB02AC002B002B /* TopicCardView.swift */ = {isa = PBXFileReference; lastKnownFileType = sourcecode.swift; path = TopicCardView.swift; sourceTree = "<group>"; };
		408CD2BC2FAB02AC002B002B /* ChatView.swift */ = {isa = PBXFileReference; lastKnownFileType = sourcecode.swift; path = ChatView.swift; sourceTree = "<group>"; };
		408CD2BD2FAB02AC002B002B /* SearchView.swift */ = {isa = PBXFileReference; lastKnownFileType = sourcecode.swift; path = SearchView.swift; sourceTree = "<group>"; };
		408CD2BF2FAB02AC002B002B /* SessionDetailView.swift */ = {isa = PBXFileReference; lastKnownFileType = sourcecode.swift; path = SessionDetailView.swift; sourceTree = "<group>"; };
		408CD2C12FAB02AC002B002B /* ContentView.swift */ = {isa = PBXFileReference; lastKnownFileType = sourcecode.swift; path = ContentView.swift; sourceTree = "<group>"; };
		408CD2C22FAB02AC002B002B /* Placeholders.swift */ = {isa = PBXFileReference; lastKnownFileType = sourcecode.swift; path = Placeholders.swift; sourceTree = "<group>"; };
		408CD2E02FAB02AC002B002B /* TopicDetailView.swift */ = {isa = PBXFileReference; lastKnownFileType = sourcecode.swift; path = TopicDetailView.swift; sourceTree = "<group>"; };
		408CD2E22FAB02AC002B002B /* TopicDetailViewModel.swift */ = {isa = PBXFileReference; lastKnownFileType = sourcecode.swift; path = TopicDetailViewModel.swift; sourceTree = "<group>"; };
		408CD2E42FAB02AC002B002B /* ChatBarView.swift */ = {isa = PBXFileReference; lastKnownFileType = sourcecode.swift; path = ChatBarView.swift; sourceTree = "<group>"; };
/* End PBXFileReference section */

/* Begin PBXFileSystemSynchronizedBuildFileExceptionSet section */
		408CD2D52FAB0E81002B002B /* Exceptions for "LLMLibrary" folder in "LLMLibrary" target */ = {
			isa = PBXFileSystemSynchronizedBuildFileExceptionSet;
			membershipExceptions = (
				"LLMLibrary-Info.plist",
			);
			target = 408CD29E2FAB0180002B002B /* LLMLibrary */;
		};
/* End PBXFileSystemSynchronizedBuildFileExceptionSet section */

/* Begin PBXFileSystemSynchronizedRootGroup section */
		408CD2A12FAB0180002B002B /* LLMLibrary */ = {
			isa = PBXFileSystemSynchronizedRootGroup;
			exceptions = (
				408CD2D52FAB0E81002B002B /* Exceptions for "LLMLibrary" folder in "LLMLibrary" target */,
			);
			path = LLMLibrary;
			sourceTree = "<group>";
		};
/* End PBXFileSystemSynchronizedRootGroup section */

/* Begin PBXFrameworksBuildPhase section */
		408CD29C2FAB0180002B002B /* Frameworks */ = {
			isa = PBXFrameworksBuildPhase;
			buildActionMask = 2147483647;
			files = (
			);
			runOnlyForDeploymentPostprocessing = 0;
		};
/* End PBXFrameworksBuildPhase section */

/* Begin PBXGroup section */
		408CD2962FAB0180002B002B = {
			isa = PBXGroup;
			children = (
				408CD2A12FAB0180002B002B /* LLMLibrary */,
				408CD2A02FAB0180002B002B /* Products */,
				408CD2C42FAB02AC002B002B /* macapp */,
			);
			sourceTree = "<group>";
		};
		408CD2A02FAB0180002B002B /* Products */ = {
			isa = PBXGroup;
			children = (
				408CD29F2FAB0180002B002B /* LLMLibrary.app */,
			);
			name = Products;
			sourceTree = "<group>";
		};
		408CD2AE2FAB02AC002B002B /* App */ = {
			isa = PBXGroup;
			children = (
				408CD2AD2FAB02AC002B002B /* LLMLibraryApp.swift */,
			);
			path = App;
			sourceTree = "<group>";
		};
		408CD2B22FAB02AC002B002B /* Models */ = {
			isa = PBXGroup;
			children = (
				408CD2AF2FAB02AC002B002B /* LibraryOverview.swift */,
				408CD2B02FAB02AC002B002B /* SearchResult.swift */,
				408CD2B12FAB02AC002B002B /* Session.swift */,
			);
			path = Models;
			sourceTree = "<group>";
		};
		408CD2B42FAB02AC002B002B /* Services */ = {
			isa = PBXGroup;
			children = (
				408CD2B32FAB02AC002B002B /* APIClient.swift */,
			);
			path = Services;
			sourceTree = "<group>";
		};
		408CD2B82FAB02AC002B002B /* ViewModels */ = {
			isa = PBXGroup;
			children = (
				408CD2B52FAB02AC002B002B /* AppViewModel.swift */,
				408CD2B62FAB02AC002B002B /* LibraryViewModel.swift */,
				408CD2B72FAB02AC002B002B /* SearchViewModel.swift */,
				408CD2E22FAB02AC002B002B /* TopicDetailViewModel.swift */,
			);
			path = ViewModels;
			sourceTree = "<group>";
		};
		408CD2BB2FAB02AC002B002B /* Library */ = {
			isa = PBXGroup;
			children = (
				408CD2B92FAB02AC002B002B /* LibraryView.swift */,
				408CD2BA2FAB02AC002B002B /* TopicCardView.swift */,
				408CD2E02FAB02AC002B002B /* TopicDetailView.swift */,
			);
			path = Library;
			sourceTree = "<group>";
		};
		408CD2BE2FAB02AC002B002B /* Search */ = {
			isa = PBXGroup;
			children = (
				408CD2BC2FAB02AC002B002B /* ChatView.swift */,
				408CD2BD2FAB02AC002B002B /* SearchView.swift */,
			);
			path = Search;
			sourceTree = "<group>";
		};
		408CD2C02FAB02AC002B002B /* Session */ = {
			isa = PBXGroup;
			children = (
				408CD2BF2FAB02AC002B002B /* SessionDetailView.swift */,
			);
			path = Session;
			sourceTree = "<group>";
		};
		408CD2C32FAB02AC002B002B /* Views */ = {
			isa = PBXGroup;
			children = (
				408CD2BB2FAB02AC002B002B /* Library */,
				408CD2BE2FAB02AC002B002B /* Search */,
				408CD2C02FAB02AC002B002B /* Session */,
				408CD2C12FAB02AC002B002B /* ContentView.swift */,
				408CD2C22FAB02AC002B002B /* Placeholders.swift */,
				408CD2E42FAB02AC002B002B /* ChatBarView.swift */,
			);
			path = Views;
			sourceTree = "<group>";
		};
		408CD2C42FAB02AC002B002B /* macapp */ = {
			isa = PBXGroup;
			children = (
				408CD2AE2FAB02AC002B002B /* App */,
				408CD2B22FAB02AC002B002B /* Models */,
				408CD2B42FAB02AC002B002B /* Services */,
				408CD2B82FAB02AC002B002B /* ViewModels */,
				408CD2C32FAB02AC002B002B /* Views */,
			);
			name = macapp;
			path = ../macapp;
			sourceTree = SOURCE_ROOT;
		};
/* End PBXGroup section */

/* Begin PBXNativeTarget section */
		408CD29E2FAB0180002B002B /* LLMLibrary */ = {
			isa = PBXNativeTarget;
			buildConfigurationList = 408CD2AA2FAB0181002B002B /* Build configuration list for PBXNativeTarget "LLMLibrary" */;
			buildPhases = (
				408CD29B2FAB0180002B002B /* Sources */,
				408CD29C2FAB0180002B002B /* Frameworks */,
				408CD29D2FAB0180002B002B /* Resources */,
			);
			buildRules = (
			);
			dependencies = (
			);
			fileSystemSynchronizedGroups = (
				408CD2A12FAB0180002B002B /* LLMLibrary */,
			);
			name = LLMLibrary;
			packageProductDependencies = (
			);
			productName = LLMLibrary;
			productReference = 408CD29F2FAB0180002B002B /* LLMLibrary.app */;
			productType = "com.apple.product-type.application";
		};
/* End PBXNativeTarget section */

/* Begin PBXProject section */
		408CD2972FAB0180002B002B /* Project object */ = {
			isa = PBXProject;
			attributes = {
				BuildIndependentTargetsInParallel = 1;
				LastSwiftUpdateCheck = 2610;
				LastUpgradeCheck = 2610;
				TargetAttributes = {
					408CD29E2FAB0180002B002B = {
						CreatedOnToolsVersion = 26.1;
					};
				};
			};
			buildConfigurationList = 408CD29A2FAB0180002B002B /* Build configuration list for PBXProject "LLMLibrary" */;
			developmentRegion = en;
			hasScannedForEncodings = 0;
			knownRegions = (
				en,
				Base,
			);
			mainGroup = 408CD2962FAB0180002B002B;
			minimizedProjectReferenceProxies = 1;
			preferredProjectObjectVersion = 77;
			productRefGroup = 408CD2A02FAB0180002B002B /* Products */;
			projectDirPath = "";
			projectRoot = "";
			targets = (
				408CD29E2FAB0180002B002B /* LLMLibrary */,
			);
		};
/* End PBXProject section */

/* Begin PBXResourcesBuildPhase section */
		408CD29D2FAB0180002B002B /* Resources */ = {
			isa = PBXResourcesBuildPhase;
			buildActionMask = 2147483647;
			files = (
			);
			runOnlyForDeploymentPostprocessing = 0;
		};
/* End PBXResourcesBuildPhase section */

/* Begin PBXSourcesBuildPhase section */
		408CD29B2FAB0180002B002B /* Sources */ = {
			isa = PBXSourcesBuildPhase;
			buildActionMask = 2147483647;
			files = (
				408CD2C52FAB02AC002B002B /* SearchResult.swift in Sources */,
				408CD2C62FAB02AC002B002B /* LibraryView.swift in Sources */,
				408CD2C72FAB02AC002B002B /* APIClient.swift in Sources */,
				408CD2C82FAB02AC002B002B /* LibraryOverview.swift in Sources */,
				408CD2C92FAB02AC002B002B /* Placeholders.swift in Sources */,
				408CD2CA2FAB02AC002B002B /* ContentView.swift in Sources */,
				408CD2CB2FAB02AC002B002B /* LLMLibraryApp.swift in Sources */,
				408CD2CC2FAB02AC002B002B /* TopicCardView.swift in Sources */,
				408CD2CD2FAB02AC002B002B /* SessionDetailView.swift in Sources */,
				408CD2CE2FAB02AC002B002B /* SearchViewModel.swift in Sources */,
				408CD2CF2FAB02AC002B002B /* AppViewModel.swift in Sources */,
				408CD2D02FAB02AC002B002B /* ChatView.swift in Sources */,
				408CD2D12FAB02AC002B002B /* Session.swift in Sources */,
				408CD2D22FAB02AC002B002B /* SearchView.swift in Sources */,
				408CD2D32FAB02AC002B002B /* LibraryViewModel.swift in Sources */,
				408CD2E12FAB02AC002B002B /* TopicDetailView.swift in Sources */,
				408CD2E32FAB02AC002B002B /* TopicDetailViewModel.swift in Sources */,
				408CD2E52FAB02AC002B002B /* ChatBarView.swift in Sources */,
			);
			runOnlyForDeploymentPostprocessing = 0;
		};
/* End PBXSourcesBuildPhase section */

/* Begin XCBuildConfiguration section */
		408CD2A82FAB0181002B002B /* Debug */ = {
			isa = XCBuildConfiguration;
			buildSettings = {
				ALWAYS_SEARCH_USER_PATHS = NO;
				ASSETCATALOG_COMPILER_GENERATE_SWIFT_ASSET_SYMBOL_EXTENSIONS = YES;
				CLANG_ANALYZER_NONNULL = YES;
				CLANG_ANALYZER_NUMBER_OBJECT_CONVERSION = YES_AGGRESSIVE;
				CLANG_CXX_LANGUAGE_STANDARD = "gnu++20";
				CLANG_ENABLE_MODULES = YES;
				CLANG_ENABLE_OBJC_ARC = YES;
				CLANG_ENABLE_OBJC_WEAK = YES;
				CLANG_WARN_BLOCK_CAPTURE_AUTORELEASING = YES;
				CLANG_WARN_BOOL_CONVERSION = YES;
				CLANG_WARN_COMMA = YES;
				CLANG_WARN_CONSTANT_CONVERSION = YES;
				CLANG_WARN_DEPRECATED_OBJC_IMPLEMENTATIONS = YES;
				CLANG_WARN_DIRECT_OBJC_ISA_USAGE = YES_ERROR;
				CLANG_WARN_DOCUMENTATION_COMMENTS = YES;
				CLANG_WARN_EMPTY_BODY = YES;
				CLANG_WARN_ENUM_CONVERSION = YES;
				CLANG_WARN_INFINITE_RECURSION = YES;
				CLANG_WARN_INT_CONVERSION = YES;
				CLANG_WARN_NON_LITERAL_NULL_CONVERSION = YES;
				CLANG_WARN_OBJC_IMPLICIT_RETAIN_SELF = YES;
				CLANG_WARN_OBJC_LITERAL_CONVERSION = YES;
				CLANG_WARN_OBJC_ROOT_CLASS = YES_ERROR;
				CLANG_WARN_QUOTED_INCLUDE_IN_FRAMEWORK_HEADER = YES;
				CLANG_WARN_RANGE_LOOP_ANALYSIS = YES;
				CLANG_WARN_STRICT_PROTOTYPES = YES;
				CLANG_WARN_SUSPICIOUS_MOVE = YES;
				CLANG_WARN_UNGUARDED_AVAILABILITY = YES_AGGRESSIVE;
				CLANG_WARN_UNREACHABLE_CODE = YES;
				CLANG_WARN__DUPLICATE_METHOD_MATCH = YES;
				COPY_PHASE_STRIP = NO;
				DEBUG_INFORMATION_FORMAT = dwarf;
				DEVELOPMENT_TEAM = LCM9HC4L9S;
				ENABLE_STRICT_OBJC_MSGSEND = YES;
				ENABLE_TESTABILITY = YES;
				ENABLE_USER_SCRIPT_SANDBOXING = YES;
				GCC_C_LANGUAGE_STANDARD = gnu17;
				GCC_DYNAMIC_NO_PIC = NO;
				GCC_NO_COMMON_BLOCKS = YES;
				GCC_OPTIMIZATION_LEVEL = 0;
				GCC_PREPROCESSOR_DEFINITIONS = (
					"DEBUG=1",
					"$(inherited)",
				);
				GCC_WARN_64_TO_32_BIT_CONVERSION = YES;
				GCC_WARN_ABOUT_RETURN_TYPE = YES_ERROR;
				GCC_WARN_UNDECLARED_SELECTOR = YES;
				GCC_WARN_UNINITIALIZED_AUTOS = YES_AGGRESSIVE;
				GCC_WARN_UNUSED_FUNCTION = YES;
				GCC_WARN_UNUSED_VARIABLE = YES;
				LOCALIZATION_PREFERS_STRING_CATALOGS = YES;
				MACOSX_DEPLOYMENT_TARGET = 26.1;
				MTL_ENABLE_DEBUG_INFO = INCLUDE_SOURCE;
				MTL_FAST_MATH = YES;
				ONLY_ACTIVE_ARCH = YES;
				SDKROOT = macosx;
				SWIFT_ACTIVE_COMPILATION_CONDITIONS = "DEBUG $(inherited)";
				SWIFT_OPTIMIZATION_LEVEL = "-Onone";
			};
			name = Debug;
		};
		408CD2A92FAB0181002B002B /* Release */ = {
			isa = XCBuildConfiguration;
			buildSettings = {
				ALWAYS_SEARCH_USER_PATHS = NO;
				ASSETCATALOG_COMPILER_GENERATE_SWIFT_ASSET_SYMBOL_EXTENSIONS = YES;
				CLANG_ANALYZER_NONNULL = YES;
				CLANG_ANALYZER_NUMBER_OBJECT_CONVERSION = YES_AGGRESSIVE;
				CLANG_CXX_LANGUAGE_STANDARD = "gnu++20";
				CLANG_ENABLE_MODULES = YES;
				CLANG_ENABLE_OBJC_ARC = YES;
				CLANG_ENABLE_OBJC_WEAK = YES;
				CLANG_WARN_BLOCK_CAPTURE_AUTORELEASING = YES;
				CLANG_WARN_BOOL_CONVERSION = YES;
				CLANG_WARN_COMMA = YES;
				CLANG_WARN_CONSTANT_CONVERSION = YES;
				CLANG_WARN_DEPRECATED_OBJC_IMPLEMENTATIONS = YES;
				CLANG_WARN_DIRECT_OBJC_ISA_USAGE = YES_ERROR;
				CLANG_WARN_DOCUMENTATION_COMMENTS = YES;
				CLANG_WARN_EMPTY_BODY = YES;
				CLANG_WARN_ENUM_CONVERSION = YES;
				CLANG_WARN_INFINITE_RECURSION = YES;
				CLANG_WARN_INT_CONVERSION = YES;
				CLANG_WARN_NON_LITERAL_NULL_CONVERSION = YES;
				CLANG_WARN_OBJC_IMPLICIT_RETAIN_SELF = YES;
				CLANG_WARN_OBJC_LITERAL_CONVERSION = YES;
				CLANG_WARN_OBJC_ROOT_CLASS = YES_ERROR;
				CLANG_WARN_QUOTED_INCLUDE_IN_FRAMEWORK_HEADER = YES;
				CLANG_WARN_RANGE_LOOP_ANALYSIS = YES;
				CLANG_WARN_STRICT_PROTOTYPES = YES;
				CLANG_WARN_SUSPICIOUS_MOVE = YES;
				CLANG_WARN_UNGUARDED_AVAILABILITY = YES_AGGRESSIVE;
				CLANG_WARN_UNREACHABLE_CODE = YES;
				CLANG_WARN__DUPLICATE_METHOD_MATCH = YES;
				COPY_PHASE_STRIP = NO;
				DEBUG_INFORMATION_FORMAT = "dwarf-with-dsym";
				DEVELOPMENT_TEAM = LCM9HC4L9S;
				ENABLE_NS_ASSERTIONS = NO;
				ENABLE_STRICT_OBJC_MSGSEND = YES;
				ENABLE_USER_SCRIPT_SANDBOXING = YES;
				GCC_C_LANGUAGE_STANDARD = gnu17;
				GCC_NO_COMMON_BLOCKS = YES;
				GCC_WARN_64_TO_32_BIT_CONVERSION = YES;
				GCC_WARN_ABOUT_RETURN_TYPE = YES_ERROR;
				GCC_WARN_UNDECLARED_SELECTOR = YES;
				GCC_WARN_UNINITIALIZED_AUTOS = YES_AGGRESSIVE;
				GCC_WARN_UNUSED_FUNCTION = YES;
				GCC_WARN_UNUSED_VARIABLE = YES;
				LOCALIZATION_PREFERS_STRING_CATALOGS = YES;
				MACOSX_DEPLOYMENT_TARGET = 26.1;
				MTL_ENABLE_DEBUG_INFO = NO;
				MTL_FAST_MATH = YES;
				SDKROOT = macosx;
				SWIFT_COMPILATION_MODE = wholemodule;
			};
			name = Release;
		};
		408CD2AB2FAB0181002B002B /* Debug */ = {
			isa = XCBuildConfiguration;
			buildSettings = {
				ASSETCATALOG_COMPILER_APPICON_NAME = AppIcon;
				ASSETCATALOG_COMPILER_GLOBAL_ACCENT_COLOR_NAME = AccentColor;
				CODE_SIGN_STYLE = Automatic;
				COMBINE_HIDPI_IMAGES = YES;
				CURRENT_PROJECT_VERSION = 1;
				DEVELOPMENT_TEAM = LCM9HC4L9S;
				ENABLE_APP_SANDBOX = NO;
				ENABLE_HARDENED_RUNTIME = YES;
				ENABLE_PREVIEWS = YES;
				GENERATE_INFOPLIST_FILE = YES;
				INFOPLIST_FILE = "LLMLibrary-Info.plist";
				INFOPLIST_KEY_NSHumanReadableCopyright = "";
				LD_RUNPATH_SEARCH_PATHS = (
					"$(inherited)",
					"@executable_path/../Frameworks",
				);
				MARKETING_VERSION = 1.0;
				PRODUCT_BUNDLE_IDENTIFIER = com.yuchia.LLMLibrary;
				PRODUCT_NAME = "$(TARGET_NAME)";
				REGISTER_APP_GROUPS = YES;
				STRING_CATALOG_GENERATE_SYMBOLS = YES;
				SWIFT_APPROACHABLE_CONCURRENCY = YES;
				SWIFT_DEFAULT_ACTOR_ISOLATION = MainActor;
				SWIFT_EMIT_LOC_STRINGS = YES;
				SWIFT_UPCOMING_FEATURE_MEMBER_IMPORT_VISIBILITY = YES;
				SWIFT_VERSION = 5.0;
			};
			name = Debug;
		};
		408CD2AC2FAB0181002B002B /* Release */ = {
			isa = XCBuildConfiguration;
			buildSettings = {
				ASSETCATALOG_COMPILER_APPICON_NAME = AppIcon;
				ASSETCATALOG_COMPILER_GLOBAL_ACCENT_COLOR_NAME = AccentColor;
				CODE_SIGN_STYLE = Automatic;
				COMBINE_HIDPI_IMAGES = YES;
				CURRENT_PROJECT_VERSION = 1;
				DEVELOPMENT_TEAM = LCM9HC4L9S;
				ENABLE_APP_SANDBOX = NO;
				ENABLE_HARDENED_RUNTIME = YES;
				ENABLE_PREVIEWS = YES;
				GENERATE_INFOPLIST_FILE = YES;
				INFOPLIST_FILE = "LLMLibrary-Info.plist";
				INFOPLIST_KEY_NSHumanReadableCopyright = "";
				LD_RUNPATH_SEARCH_PATHS = (
					"$(inherited)",
					"@executable_path/../Frameworks",
				);
				MARKETING_VERSION = 1.0;
				PRODUCT_BUNDLE_IDENTIFIER = com.yuchia.LLMLibrary;
				PRODUCT_NAME = "$(TARGET_NAME)";
				REGISTER_APP_GROUPS = YES;
				STRING_CATALOG_GENERATE_SYMBOLS = YES;
				SWIFT_APPROACHABLE_CONCURRENCY = YES;
				SWIFT_DEFAULT_ACTOR_ISOLATION = MainActor;
				SWIFT_EMIT_LOC_STRINGS = YES;
				SWIFT_UPCOMING_FEATURE_MEMBER_IMPORT_VISIBILITY = YES;
				SWIFT_VERSION = 5.0;
			};
			name = Release;
		};
/* End XCBuildConfiguration section */

/* Begin XCConfigurationList section */
		408CD29A2FAB0180002B002B /* Build configuration list for PBXProject "LLMLibrary" */ = {
			isa = XCConfigurationList;
			buildConfigurations = (
				408CD2A82FAB0181002B002B /* Debug */,
				408CD2A92FAB0181002B002B /* Release */,
			);
			defaultConfigurationIsVisible = 0;
			defaultConfigurationName = Release;
		};
		408CD2AA2FAB0181002B002B /* Build configuration list for PBXNativeTarget "LLMLibrary" */ = {
			isa = XCConfigurationList;
			buildConfigurations = (
				408CD2AB2FAB0181002B002B /* Debug */,
				408CD2AC2FAB0181002B002B /* Release */,
			);
			defaultConfigurationIsVisible = 0;
			defaultConfigurationName = Release;
		};
/* End XCConfigurationList section */
	};
	rootObject = 408CD2972FAB0180002B002B /* Project object */;
}
